// !$*UTF8*$!
{
	archiveVersion = 1;
	classes = {
	};
	objectVersion = 48;
	objects = {

/* Begin PBXBuildFile section */
		4CBA0FD5202057CE00A48439 /* AppDelegate.m in Sources */ = {isa = PBXBuildFile; fileRef = 4CBA0FD4202057CE00A48439 /* AppDelegate.m */; };
		4CBA0FD8202057CE00A48439 /* ViewController.m in Sources */ = {isa = PBXBuildFile; fileRef = 4CBA0FD7202057CE00A48439 /* ViewController.m */; };
		4CBA0FDB202057CE00A48439 /* Main.storyboard in Resources */ = {isa = PBXBuildFile; fileRef = 4CBA0FD9202057CE00A48439 /* Main.storyboard */; };
		4CBA0FDD202057CE00A48439 /* Assets.xcassets in Resources */ = {isa = PBXBuildFile; fileRef = 4CBA0FDC202057CE00A48439 /* Assets.xcassets */; };
		4CBA0FE0202057CE00A48439 /* LaunchScreen.storyboard in Resources */ = {isa = PBXBuildFile; fileRef = 4CBA0FDE202057CE00A48439 /* LaunchScreen.storyboard */; };
		4CBA0FE3202057CE00A48439 /* main.m in Sources */ = {isa = PBXBuildFile; fileRef = 4CBA0FE2202057CE00A48439 /* main.m */; };
		4CBA0FED202057CF00A48439 /* ShowBigImageTests.m in Sources */ = {isa = PBXBuildFile; fileRef = 4CBA0FEC202057CF00A48439 /* ShowBigImageTests.m */; };
		4CBA0FF8202057CF00A48439 /* ShowBigImageUITests.m in Sources */ = {isa = PBXBuildFile; fileRef = 4CBA0FF7202057CF00A48439 /* ShowBigImageUITests.m */; };
		4CBA10072020587700A48439 /* UIImageView+ShowBigImage.m in Sources */ = {isa = PBXBuildFile; fileRef = 4CBA10062020587700A48439 /* UIImageView+ShowBigImage.m */; };
		4CBA10092020591100A48439 /* 1.png in Resources */ = {isa = PBXBuildFile; fileRef = 4CBA10082020591100A48439 /* 1.png */; };
/* End PBXBuildFile section */

/* Begin PBXContainerItemProxy section */
		4CBA0FE9202057CF00A48439 /* PBXContainerItemProxy */ = {
			isa = PBXContainerItemProxy;
			containerPortal = 4CBA0FC8202057CE00A48439 /* Project object */;
			proxyType = 1;
			remoteGlobalIDString = 4CBA0FCF202057CE00A48439;
			remoteInfo = ShowBigImage;
		};
		4CBA0FF4202057CF00A48439 /* PBXContainerItemProxy */ = {
			isa = PBXContainerItemProxy;
			containerPortal = 4CBA0FC8202057CE00A48439 /* Project object */;
			proxyType = 1;
			remoteGlobalIDString = 4CBA0FCF202057CE00A48439;
			remoteInfo = ShowBigImage;
		};
/* End PBXContainerItemProxy section */

/* Begin PBXFileReference section */
		4CBA0FD0202057CE00A48439 /* ShowBigImage.app */ = {isa = PBXFileReference; explicitFileType = wrapper.application; includeInIndex = 0; path = ShowBigImage.app; sourceTree = BUILT_PRODUCTS_DIR; };
		4CBA0FD3202057CE00A48439 /* AppDelegate.h */ = {isa = PBXFileReference; lastKnownFileType = sourcecode.c.h; path = AppDelegate.h; sourceTree = "<group>"; };
		4CBA0FD4202057CE00A48439 /* AppDelegate.m */ = {isa = PBXFileReference; lastKnownFileType = sourcecode.c.objc; path = AppDelegate.m; sourceTree = "<group>"; };
		4CBA0FD6202057CE00A48439 /* ViewController.h */ = {isa = PBXFileReference; lastKnownFileType = sourcecode.c.h; path = ViewController.h; sourceTree = "<group>"; };
		4CBA0FD7202057CE00A48439 /* ViewController.m */ = {isa = PBXFileReference; lastKnownFileType = sourcecode.c.objc; path = ViewController.m; sourceTree = "<group>"; };
		4CBA0FDA202057CE00A48439 /* Base */ = {isa = PBXFileReference; lastKnownFileType = file.storyboard; name = Base; path = Base.lproj/Main.storyboard; sourceTree = "<group>"; };
		4CBA0FDC202057CE00A48439 /* Assets.xcassets */ = {isa = PBXFileReference; lastKnownFileType = folder.assetcatalog; path = Assets.xcassets; sourceTree = "<group>"; };
		4CBA0FDF202057CE00A48439 /* Base */ = {isa = PBXFileReference; lastKnownFileType = file.storyboard; name = Base; path = Base.lproj/LaunchScreen.storyboard; sourceTree = "<group>"; };
		4CBA0FE1202057CE00A48439 /* Info.plist */ = {isa = PBXFileReference; lastKnownFileType = text.plist.xml; path = Info.plist; sourceTree = "<group>"; };
		4CBA0FE2202057CE00A48439 /* main.m */ = {isa = PBXFileReference; lastKnownFileType = sourcecode.c.objc; path = main.m; sourceTree = "<group>"; };
		4CBA0FE8202057CF00A48439 /* ShowBigImageTests.xctest */ = {isa = PBXFileReference; explicitFileType = wrapper.cfbundle; includeInIndex = 0; path = ShowBigImageTests.xctest; sourceTree = BUILT_PRODUCTS_DIR; };
		4CBA0FEC202057CF00A48439 /* ShowBigImageTests.m */ = {isa = PBXFileReference; lastKnownFileType = sourcecode.c.objc; path = ShowBigImageTests.m; sourceTree = "<group>"; };
		4CBA0FEE202057CF00A48439 /* Info.plist */ = {isa = PBXFileReference; lastKnownFileType = text.plist.xml; path = Info.plist; sourceTree = "<group>"; };
		4CBA0FF3202057CF00A48439 /* ShowBigImageUITests.xctest */ = {isa = PBXFileReference; explicitFileType = wrapper.cfbundle; includeInIndex = 0; path = ShowBigImageUITests.xctest; sourceTree = BUILT_PRODUCTS_DIR; };
		4CBA0FF7202057CF00A48439 /* ShowBigImageUITests.m */ = {isa = PBXFileReference; lastKnownFileType = sourcecode.c.objc; path = ShowBigImageUITests.m; sourceTree = "<group>"; };
		4CBA0FF9202057CF00A48439 /* Info.plist */ = {isa = PBXFileReference; lastKnownFileType = text.plist.xml; path = Info.plist; sourceTree = "<group>"; };
		4CBA10052020587700A48439 /* UIImageView+ShowBigImage.h */ = {isa = PBXFileReference; lastKnownFileType = sourcecode.c.h; path = "UIImageView+ShowBigImage.h"; sourceTree = "<group>"; };
		4CBA10062020587700A48439 /* UIImageView+ShowBigImage.m */ = {isa = PBXFileReference; lastKnownFileType = sourcecode.c.objc; path = "UIImageView+ShowBigImage.m"; sourceTree = "<group>"; };
		4CBA10082020591100A48439 /* 1.png */ = {isa = PBXFileReference; lastKnownFileType = image.png; path = 1.png; sourceTree = "<group>"; };
/* End PBXFileReference section */

/* Begin PBXFrameworksBuildPhase section */
		4CBA0FCD202057CE00A48439 /* Frameworks */ = {
			isa = PBXFrameworksBuildPhase;
			buildActionMask = 2147483647;
			files = (
			);
			runOnlyForDeploymentPostprocessing = 0;
		};
		4CBA0FE5202057CF00A48439 /* Frameworks */ = {
			isa = PBXFrameworksBuildPhase;
			buildActionMask = 2147483647;
			files = (
			);
			runOnlyForDeploymentPostprocessing = 0;
		};
		4CBA0FF0202057CF00A48439 /* Frameworks */ = {
			isa = PBXFrameworksBuildPhase;
			buildActionMask = 2147483647;
			files = (
			);
			runOnlyForDeploymentPostprocessing = 0;
		};
/* End PBXFrameworksBuildPhase section */

/* Begin PBXGroup section */
		4CBA0FC7202057CE00A48439 = {
			isa = PBXGroup;
			children = (
				4CBA0FD2202057CE00A48439 /* ShowBigImage */,
				4CBA0FEB202057CF00A48439 /* ShowBigImageTests */,
				4CBA0FF6202057CF00A48439 /* ShowBigImageUITests */,
				4CBA0FD1202057CE00A48439 /* Products */,
			);
			sourceTree = "<group>";
		};
		4CBA0FD1202057CE00A48439 /* Products */ = {
			isa = PBXGroup;
			children = (
				4CBA0FD0202057CE00A48439 /* ShowBigImage.app */,
				4CBA0FE8202057CF00A48439 /* ShowBigImageTests.xctest */,
				4CBA0FF3202057CF00A48439 /* ShowBigImageUITests.xctest */,
			);
			name = Products;
			sourceTree = "<group>";
		};
		4CBA0FD2202057CE00A48439 /* ShowBigImage */ = {
			isa = PBXGroup;
			children = (
				4CBA10082020591100A48439 /* 1.png */,
				4CBA0FD3202057CE00A48439 /* AppDelegate.h */,
				4CBA0FD4202057CE00A48439 /* AppDelegate.m */,
				4CBA0FD6202057CE00A48439 /* ViewController.h */,
				4CBA0FD7202057CE00A48439 /* ViewController.m */,
				4CBA0FD9202057CE00A48439 /* Main.storyboard */,
				4CBA0FDC202057CE00A48439 /* Assets.xcassets */,
				4CBA0FDE202057CE00A48439 /* LaunchScreen.storyboard */,
				4CBA0FE1202057CE00A48439 /* Info.plist */,
				4CBA0FE2202057CE00A48439 /* main.m */,
				4CBA10052020587700A48439 /* UIImageView+ShowBigImage.h */,
				4CBA10062020587700A48439 /* UIImageView+ShowBigImage.m */,
			);
			path = ShowBigImage;
			sourceTree = "<group>";
		};
		4CBA0FEB202057CF00A48439 /* ShowBigImageTests */ = {
			isa = PBXGroup;
			children = (
				4CBA0FEC202057CF00A48439 /* ShowBigImageTests.m */,
				4CBA0FEE202057CF00A48439 /* Info.plist */,
			);
			path = ShowBigImageTests;
			sourceTree = "<group>";
		};
		4CBA0FF6202057CF00A48439 /* ShowBigImageUITests */ = {
			isa = PBXGroup;
			children = (
				4CBA0FF7202057CF00A48439 /* ShowBigImageUITests.m */,
				4CBA0FF9202057CF00A48439 /* Info.plist */,
			);
			path = ShowBigImageUITests;
			sourceTree = "<group>";
		};
/* End PBXGroup section */

/* Begin PBXNativeTarget section */
		4CBA0FCF202057CE00A48439 /* ShowBigImage */ = {
			isa = PBXNativeTarget;
			buildConfigurationList = 4CBA0FFC202057CF00A48439 /* Build configuration list for PBXNativeTarget "ShowBigImage" */;
			buildPhases = (
				4CBA0FCC202057CE00A48439 /* Sources */,
				4CBA0FCD202057CE00A48439 /* Frameworks */,
				4CBA0FCE202057CE00A48439 /* Resources */,
			);
			buildRules = (
			);
			dependencies = (
			);
			name = ShowBigImage;
			productName = ShowBigImage;
			productReference = 4CBA0FD0202057CE00A48439 /* ShowBigImage.app */;
			productType = "com.apple.product-type.application";
		};
		4CBA0FE7202057CF00A48439 /* ShowBigImageTests */ = {
			isa = PBXNativeTarget;
			buildConfigurationList = 4CBA0FFF202057CF00A48439 /* Build configuration list for PBXNativeTarget "ShowBigImageTests" */;
			buildPhases = (
				4CBA0FE4202057CF00A48439 /* Sources */,
				4CBA0FE5202057CF00A48439 /* Frameworks */,
				4CBA0FE6202057CF00A48439 /* Resources */,
			);
			buildRules = (
			);
			dependencies = (
				4CBA0FEA202057CF00A48439 /* PBXTargetDependency */,
			);
			name = ShowBigImageTests;
			productName = ShowBigImageTests;
			productReference = 4CBA0FE8202057CF00A48439 /* ShowBigImageTests.xctest */;
			productType = "com.apple.product-type.bundle.unit-test";
		};
		4CBA0FF2202057CF00A48439 /* ShowBigImageUITests */ = {
			isa = PBXNativeTarget;
			buildConfigurationList = 4CBA1002202057CF00A48439 /* Build configuration list for PBXNativeTarget "ShowBigImageUITests" */;
			buildPhases = (
				4CBA0FEF202057CF00A48439 /* Sources */,
				4CBA0FF0202057CF00A48439 /* Frameworks */,
				4CBA0FF1202057CF00A48439 /* Resources */,
			);
			buildRules = (
			);
			dependencies = (
				4CBA0FF5202057CF00A48439 /* PBXTargetDependency */,
			);
			name = ShowBigImageUITests;
			productName = ShowBigImageUITests;
			productReference = 4CBA0FF3202057CF00A48439 /* ShowBigImageUITests.xctest */;
			productType = "com.apple.product-type.bundle.ui-testing";
		};
/* End PBXNativeTarget section */

/* Begin PBXProject section */
		4CBA0FC8202057CE00A48439 /* Project object */ = {
			isa = PBXProject;
			attributes = {
				LastUpgradeCheck = 0920;
				ORGANIZATIONNAME = "肖中旺";
				TargetAttributes = {
					4CBA0FCF202057CE00A48439 = {
						CreatedOnToolsVersion = 9.2;
						ProvisioningStyle = Automatic;
					};
					4CBA0FE7202057CF00A48439 = {
						CreatedOnToolsVersion = 9.2;
						ProvisioningStyle = Automatic;
						TestTargetID = 4CBA0FCF202057CE00A48439;
					};
					4CBA0FF2202057CF00A48439 = {
						CreatedOnToolsVersion = 9.2;
						ProvisioningStyle = Automatic;
						TestTargetID = 4CBA0FCF202057CE00A48439;
					};
				};
			};
			buildConfigurationList = 4CBA0FCB202057CE00A48439 /* Build configuration list for PBXProject "ShowBigImage" */;
			compatibilityVersion = "Xcode 8.0";
			developmentRegion = en;
			hasScannedForEncodings = 0;
			knownRegions = (
				en,
				Base,
			);
			mainGroup = 4CBA0FC7202057CE00A48439;
			productRefGroup = 4CBA0FD1202057CE00A48439 /* Products */;
			projectDirPath = "";
			projectRoot = "";
			targets = (
				4CBA0FCF202057CE00A48439 /* ShowBigImage */,
				4CBA0FE7202057CF00A48439 /* ShowBigImageTests */,
				4CBA0FF2202057CF00A48439 /* ShowBigImageUITests */,
			);
		};
/* End PBXProject section */

/* Begin PBXResourcesBuildPhase section */
		4CBA0FCE202057CE00A48439 /* Resources */ = {
			isa = PBXResourcesBuildPhase;
			buildActionMask = 2147483647;
			files = (
				4CBA0FE0202057CE00A48439 /* LaunchScreen.storyboard in Resources */,
				4CBA10092020591100A48439 /* 1.png in Resources */,
				4CBA0FDD202057CE00A48439 /* Assets.xcassets in Resources */,
				4CBA0FDB202057CE00A48439 /* Main.storyboard in Resources */,
			);
			runOnlyForDeploymentPostprocessing = 0;
		};
		4CBA0FE6202057CF00A48439 /* Resources */ = {
			isa = PBXResourcesBuildPhase;
			buildActionMask = 2147483647;
			files = (
			);
			runOnlyForDeploymentPostprocessing = 0;
		};
		4CBA0FF1202057CF00A48439 /* Resources */ = {
			isa = PBXResourcesBuildPhase;
			buildActionMask = 2147483647;
			files = (
			);
			runOnlyForDeploymentPostprocessing = 0;
		};
/* End PBXResourcesBuildPhase section */

/* Begin PBXSourcesBuildPhase section */
		4CBA0FCC202057CE00A48439 /* Sources */ = {
			isa = PBXSourcesBuildPhase;
			buildActionMask = 2147483647;
			files = (
				4CBA0FD8202057CE00A48439 /* ViewController.m in Sources */,
				4CBA0FE3202057CE00A48439 /* main.m in Sources */,
				4CBA10072020587700A48439 /* UIImageView+ShowBigImage.m in Sources */,
				4CBA0FD5202057CE00A48439 /* AppDelegate.m in Sources */,
			);
			runOnlyForDeploymentPostprocessing = 0;
		};
		4CBA0FE4202057CF00A48439 /* Sources */ = {
			isa = PBXSourcesBuildPhase;
			buildActionMask = 2147483647;
			files = (
				4CBA0FED202057CF00A48439 /* ShowBigImageTests.m in Sources */,
			);
			runOnlyForDeploymentPostprocessing = 0;
		};
		4CBA0FEF202057CF00A48439 /* Sources */ = {
			isa = PBXSourcesBuildPhase;
			buildActionMask = 2147483647;
			files = (
				4CBA0FF8202057CF00A48439 /* ShowBigImageUITests.m in Sources */,
			);
			runOnlyForDeploymentPostprocessing = 0;
		};
/* End PBXSourcesBuildPhase section */

/* Begin PBXTargetDependency section */
		4CBA0FEA202057CF00A48439 /* PBXTargetDependency */ = {
			isa = PBXTargetDependency;
			target = 4CBA0FCF202057CE00A48439 /* ShowBigImage */;
			targetProxy = 4CBA0FE9202057CF00A48439 /* PBXContainerItemProxy */;
		};
		4CBA0FF5202057CF00A48439 /* PBXTargetDependency */ = {
			isa = PBXTargetDependency;
			target = 4CBA0FCF202057CE00A48439 /* ShowBigImage */;
			targetProxy = 4CBA0FF4202057CF00A48439 /* PBXContainerItemProxy */;
		};
/* End PBXTargetDependency section */

/* Begin PBXVariantGroup section */
		4CBA0FD9202057CE00A48439 /* Main.storyboard */ = {
			isa = PBXVariantGroup;
			children = (
				4CBA0FDA202057CE00A48439 /* Base */,
			);
			name = Main.storyboard;
			sourceTree = "<group>";
		};
		4CBA0FDE202057CE00A48439 /* LaunchScreen.storyboard */ = {
			isa = PBXVariantGroup;
			children = (
				4CBA0FDF202057CE00A48439 /* Base */,
			);
			name = LaunchScreen.storyboard;
			sourceTree = "<group>";
		};
/* End PBXVariantGroup section */

/* Begin XCBuildConfiguration section */
		4CBA0FFA202057CF00A48439 /* Debug */ = {
			isa = XCBuildConfiguration;
			buildSettings = {
				ALWAYS_SEARCH_USER_PATHS = NO;
				CLANG_ANALYZER_NONNULL = YES;
				CLANG_ANALYZER_NUMBER_OBJECT_CONVERSION = YES_AGGRESSIVE;
				CLANG_CXX_LANGUAGE_STANDARD = "gnu++14";
				CLANG_CXX_LIBRARY = "libc++";
				CLANG_ENABLE_MODULES = YES;
				CLANG_ENABLE_OBJC_ARC = YES;
				CLANG_WARN_BLOCK_CAPTURE_AUTORELEASING = YES;
				CLANG_WARN_BOOL_CONVERSION = YES;
				CLANG_WARN_COMMA = YES;
				CLANG_WARN_CONSTANT_CONVERSION = YES;
				CLANG_WARN_DIRECT_OBJC_ISA_USAGE = YES_ERROR;
				CLANG_WARN_DOCUMENTATION_COMMENTS = YES;
				CLANG_WARN_EMPTY_BODY = YES;
				CLANG_WARN_ENUM_CONVERSION = YES;
				CLANG_WARN_INFINITE_RECURSION = YES;
				CLANG_WARN_INT_CONVERSION = YES;
				CLANG_WARN_NON_LITERAL_NULL_CONVERSION = YES;
				CLANG_WARN_OBJC_LITERAL_CONVERSION = YES;
				CLANG_WARN_OBJC_ROOT_CLASS = YES_ERROR;
				CLANG_WARN_RANGE_LOOP_ANALYSIS = YES;
				CLANG_WARN_STRICT_PROTOTYPES = YES;
				CLANG_WARN_SUSPICIOUS_MOVE = YES;
				CLANG_WARN_UNGUARDED_AVAILABILITY = YES_AGGRESSIVE;
				CLANG_WARN_UNREACHABLE_CODE = YES;
				CLANG_WARN__DUPLICATE_METHOD_MATCH = YES;
				CODE_SIGN_IDENTITY = "iPhone Developer";
				COPY_PHASE_STRIP = NO;
				DEBUG_INFORMATION_FORMAT = dwarf;
				ENABLE_STRICT_OBJC_MSGSEND = YES;
				ENABLE_TESTABILITY = YES;
				GCC_C_LANGUAGE_STANDARD = gnu11;
				GCC_DYNAMIC_NO_PIC = NO;
				GCC_NO_COMMON_BLOCKS = YES;
				GCC_OPTIMIZATION_LEVEL = 0;
				GCC_PREPROCESSOR_DEFINITIONS = (
					"DEBUG=1",
					"$(inherited)",
				);
				GCC_WARN_64_TO_32_BIT_CONVERSION = YES;
				GCC_WARN_ABOUT_RETURN_TYPE = YES_ERROR;
				GCC_WARN_UNDECLARED_SELECTOR = YES;
				GCC_WARN_UNINITIALIZED_AUTOS = YES_AGGRESSIVE;
				GCC_WARN_UNUSED_FUNCTION = YES;
				GCC_WARN_UNUSED_VARIABLE = YES;
				IPHONEOS_DEPLOYMENT_TARGET = 11.2;
				MTL_ENABLE_DEBUG_INFO = YES;
				ONLY_ACTIVE_ARCH = YES;
				SDKROOT = iphoneos;
			};
			name = Debug;
		};
		4CBA0FFB202057CF00A48439 /* Release */ = {
			isa = XCBuildConfiguration;
			buildSettings = {
				ALWAYS_SEARCH_USER_PATHS = NO;
				CLANG_ANALYZER_NONNULL = YES;
				CLANG_ANALYZER_NUMBER_OBJECT_CONVERSION = YES_AGGRESSIVE;
				CLANG_CXX_LANGUAGE_STANDARD = "gnu++14";
				CLANG_CXX_LIBRARY = "libc++";
				CLANG_ENABLE_MODULES = YES;
				CLANG_ENABLE_OBJC_ARC = YES;
				CLANG_WARN_BLOCK_CAPTURE_AUTORELEASING = YES;
				CLANG_WARN_BOOL_CONVERSION = YES;
				CLANG_WARN_COMMA = YES;
				CLANG_WARN_CONSTANT_CONVERSION = YES;
				CLANG_WARN_DIRECT_OBJC_ISA_USAGE = YES_ERROR;
				CLANG_WARN_DOCUMENTATION_COMMENTS = YES;
				CLANG_WARN_EMPTY_BODY = YES;
				CLANG_WARN_ENUM_CONVERSION = YES;
				CLANG_WARN_INFINITE_RECURSION = YES;
				CLANG_WARN_INT_CONVERSION = YES;
				CLANG_WARN_NON_LITERAL_NULL_CONVERSION = YES;
				CLANG_WARN_OBJC_LITERAL_CONVERSION = YES;
				CLANG_WARN_OBJC_ROOT_CLASS = YES_ERROR;
				CLANG_WARN_RANGE_LOOP_ANALYSIS = YES;
				CLANG_WARN_STRICT_PROTOTYPES = YES;
				CLANG_WARN_SUSPICIOUS_MOVE = YES;
				CLANG_WARN_UNGUARDED_AVAILABILITY = YES_AGGRESSIVE;
				CLANG_WARN_UNREACHABLE_CODE = YES;
				CLANG_WARN__DUPLICATE_METHOD_MATCH = YES;
				CODE_SIGN_IDENTITY = "iPhone Developer";
				COPY_PHASE_STRIP = NO;
				DEBUG_INFORMATION_FORMAT = "dwarf-with-dsym";
				ENABLE_NS_ASSERTIONS = NO;
				ENABLE_STRICT_OBJC_MSGSEND = YES;
				GCC_C_LANGUAGE_STANDARD = gnu11;
				GCC_NO_COMMON_BLOCKS = YES;
				GCC_WARN_64_TO_32_BIT_CONVERSION = YES;
				GCC_WARN_ABOUT_RETURN_TYPE = YES_ERROR;
				GCC_WARN_UNDECLARED_SELECTOR = YES;
				GCC_WARN_UNINITIALIZED_AUTOS = YES_AGGRESSIVE;
				GCC_WARN_UNUSED_FUNCTION = YES;
				GCC_WARN_UNUSED_VARIABLE = YES;
				IPHONEOS_DEPLOYMENT_TARGET = 11.2;
				MTL_ENABLE_DEBUG_INFO = NO;
				SDKROOT = iphoneos;
				VALIDATE_PRODUCT = YES;
			};
			name = Release;
		};
		4CBA0FFD202057CF00A48439 /* Debug */ = {
			isa = XCBuildConfiguration;
			buildSettings = {
				ASSETCATALOG_COMPILER_APPICON_NAME = AppIcon;
				CODE_SIGN_STYLE = Automatic;
				DEVELOPMENT_TEAM = 4N2WVH3GJ5;
				INFOPLIST_FILE = ShowBigImage/Info.plist;
				LD_RUNPATH_SEARCH_PATHS = "$(inherited) @executable_path/Frameworks";
				PRODUCT_BUNDLE_IDENTIFIER = xzw.ShowBigImage;
				PRODUCT_NAME = "$(TARGET_NAME)";
				TARGETED_DEVICE_FAMILY = "1,2";
			};
			name = Debug;
		};
		4CBA0FFE202057CF00A48439 /* Release */ = {
			isa = XCBuildConfiguration;
			buildSettings = {
				ASSETCATALOG_COMPILER_APPICON_NAME = AppIcon;
				CODE_SIGN_STYLE = Automatic;
				DEVELOPMENT_TEAM = 4N2WVH3GJ5;
				INFOPLIST_FILE = ShowBigImage/Info.plist;
				LD_RUNPATH_SEARCH_PATHS = "$(inherited) @executable_path/Frameworks";
				PRODUCT_BUNDLE_IDENTIFIER = xzw.ShowBigImage;
				PRODUCT_NAME = "$(TARGET_NAME)";
				TARGETED_DEVICE_FAMILY = "1,2";
			};
			name = Release;
		};
		4CBA1000202057CF00A48439 /* Debug */ = {
			isa = XCBuildConfiguration;
			buildSettings = {
				BUNDLE_LOADER = "$(TEST_HOST)";
				CODE_SIGN_STYLE = Automatic;
				INFOPLIST_FILE = ShowBigImageTests/Info.plist;
				LD_RUNPATH_SEARCH_PATHS = "$(inherited) @executable_path/Frameworks @loader_path/Frameworks";
				PRODUCT_BUNDLE_IDENTIFIER = xzw.ShowBigImageTests;
				PRODUCT_NAME = "$(TARGET_NAME)";
				TARGETED_DEVICE_FAMILY = "1,2";
				TEST_HOST = "$(BUILT_PRODUCTS_DIR)/ShowBigImage.app/ShowBigImage";
			};
			name = Debug;
		};
		4CBA1001202057CF00A48439 /* Release */ = {
			isa = XCBuildConfiguration;
			buildSettings = {
				BUNDLE_LOADER = "$(TEST_HOST)";
				CODE_SIGN_STYLE = Automatic;
				INFOPLIST_FILE = ShowBigImageTests/Info.plist;
				LD_RUNPATH_SEARCH_PATHS = "$(inherited) @executable_path/Frameworks @loader_path/Frameworks";
				PRODUCT_BUNDLE_IDENTIFIER = xzw.ShowBigImageTests;
				PRODUCT_NAME = "$(TARGET_NAME)";
				TARGETED_DEVICE_FAMILY = "1,2";
				TEST_HOST = "$(BUILT_PRODUCTS_DIR)/ShowBigImage.app/ShowBigImage";
			};
			name = Release;
		};
		4CBA1003202057CF00A48439 /* Debug */ = {
			isa = XCBuildConfiguration;
			buildSettings = {
				CODE_SIGN_STYLE = Automatic;
				INFOPLIST_FILE = ShowBigImageUITests/Info.plist;
				LD_RUNPATH_SEARCH_PATHS = "$(inherited) @executable_path/Frameworks @loader_path/Frameworks";
				PRODUCT_BUNDLE_IDENTIFIER = xzw.ShowBigImageUITests;
				PRODUCT_NAME = "$(TARGET_NAME)";
				TARGETED_DEVICE_FAMILY = "1,2";
				TEST_TARGET_NAME = ShowBigImage;
			};
			name = Debug;
		};
		4CBA1004202057CF00A48439 /* Release */ = {
			isa = XCBuildConfiguration;
			buildSettings = {
				CODE_SIGN_STYLE = Automatic;
				INFOPLIST_FILE = ShowBigImageUITests/Info.plist;
				LD_RUNPATH_SEARCH_PATHS = "$(inherited) @executable_path/Frameworks @loader_path/Frameworks";
				PRODUCT_BUNDLE_IDENTIFIER = xzw.ShowBigImageUITests;
				PRODUCT_NAME = "$(TARGET_NAME)";
				TARGETED_DEVICE_FAMILY = "1,2";
				TEST_TARGET_NAME = ShowBigImage;
			};
			name = Release;
		};
/* End XCBuildConfiguration section */

/* Begin XCConfigurationList section */
		4CBA0FCB202057CE00A48439 /* Build configuration list for PBXProject "ShowBigImage" */ = {
			isa = XCConfigurationList;
			buildConfigurations = (
				4CBA0FFA202057CF00A48439 /* Debug */,
				4CBA0FFB202057CF00A48439 /* Release */,
			);
			defaultConfigurationIsVisible = 0;
			defaultConfigurationName = Release;
		};
		4CBA0FFC202057CF00A48439 /* Build configuration list for PBXNativeTarget "ShowBigImage" */ = {
			isa = XCConfigurationList;
			buildConfigurations = (
				4CBA0FFD202057CF00A48439 /* Debug */,
				4CBA0FFE202057CF00A48439 /* Release */,
			);
			defaultConfigurationIsVisible = 0;
			defaultConfigurationName = Release;
		};
		4CBA0FFF202057CF00A48439 /* Build configuration list for PBXNativeTarget "ShowBigImageTests" */ = {
			isa = XCConfigurationList;
			buildConfigurations = (
				4CBA1000202057CF00A48439 /* Debug */,
				4CBA1001202057CF00A48439 /* Release */,
			);
			defaultConfigurationIsVisible = 0;
			defaultConfigurationName = Release;
		};
		4CBA1002202057CF00A48439 /* Build configuration list for PBXNativeTarget "ShowBigImageUITests" */ = {
			isa = XCConfigurationList;
			buildConfigurations = (
				4CBA1003202057CF00A48439 /* Debug */,
				4CBA1004202057CF00A48439 /* Release */,
			);
			defaultConfigurationIsVisible = 0;
			defaultConfigurationName = Release;
		};
/* End XCConfigurationList section */
	};
	rootObject = 4CBA0FC8202057CE00A48439 /* Project object */;
}
